
Microsoft Visual Studio Solution File, Format Version 12.00
# Visual Studio Version 17
VisualStudioVersion = 17.11.35312.102
MinimumVisualStudioVersion = 10.0.40219.1
Project("{FAE04EC0-301F-11D3-BF4B-00C04F79EFBC}") = "ProjektAdmin", "ProjektAdmin\ProjektAdmin.csproj", "{78624A65-467A-44D7-84C5-CCDAED55A644}"
EndProject
Global
	GlobalSection(SolutionConfigurationPlatforms) = preSolution
		Debug|Any CPU = Debug|Any CPU
		Release|Any CPU = Release|Any CPU
	EndGlobalSection
	GlobalSection(ProjectConfigurationPlatforms) = postSolution
		{78624A65-467A-44D7-84C5-CCDAED55A644}.Debug|Any CPU.ActiveCfg = Debug|Any CPU
		{78624A65-467A-44D7-84C5-CCDAED55A644}.Debug|Any CPU.Build.0 = Debug|Any CPU
		{78624A65-467A-44D7-84C5-CCDAED55A644}.Release|Any CPU.ActiveCfg = Release|Any CPU
		{78624A65-467A-44D7-84C5-CCDAED55A644}.Release|Any CPU.Build.0 = Release|Any CPU
	EndGlobalSection
	GlobalSection(SolutionProperties) = preSolution
		HideSolutionNode = FALSE
	EndGlobalSection
	GlobalSection(ExtensibilityGlobals) = postSolution
		SolutionGuid = {E8D42D05-C249-4747-BD45-9C001856AB8B}
	EndGlobalSection
EndGlobal
